
Microsoft Visual Studio Solution File, Format Version 12.00
# Visual Studio Version 16
VisualStudioVersion = 16.0.30907.101
MinimumVisualStudioVersion = 10.0.40219.1
Project("{FAE04EC0-301F-11D3-BF4B-00C04F79EFBC}") = "ConvertingNumbersFromOrdinalToCardinal", "ConvertingNumbersFromOrdinalToCardinal\ConvertingNumbersFromOrdinalToCardinal.csproj", "{78B072F1-66B7-4D32-911D-26B583BFBD5A}"
EndProject
Global
	GlobalSection(SolutionConfigurationPlatforms) = preSolution
		Debug|Any CPU = Debug|Any CPU
		Release|Any CPU = Release|Any CPU
	EndGlobalSection
	GlobalSection(ProjectConfigurationPlatforms) = postSolution
		{78B072F1-66B7-4D32-911D-26B583BFBD5A}.Debug|Any CPU.ActiveCfg = Debug|Any CPU
		{78B072F1-66B7-4D32-911D-26B583BFBD5A}.Debug|Any CPU.Build.0 = Debug|Any CPU
		{78B072F1-66B7-4D32-911D-26B583BFBD5A}.Release|Any CPU.ActiveCfg = Release|Any CPU
		{78B072F1-66B7-4D32-911D-26B583BFBD5A}.Release|Any CPU.Build.0 = Release|Any CPU
	EndGlobalSection
	GlobalSection(SolutionProperties) = preSolution
		HideSolutionNode = FALSE
	EndGlobalSection
	GlobalSection(ExtensibilityGlobals) = postSolution
		SolutionGuid = {D8B7DE97-D433-42D9-BABF-50EE66773098}
	EndGlobalSection
EndGlobal
